
Microsoft Visual Studio Solution File, Format Version 12.00
# Visual Studio Version 16
VisualStudioVersion = 16.0.35731.53
MinimumVisualStudioVersion = 10.0.40219.1
Project("{FAE04EC0-301F-11D3-BF4B-00C04F79EFBC}") = "ClassEntry", "ClassEntry\ClassEntry.csproj", "{4EC1F399-7B17-4F12-BE4E-1477C9BE176C}"
EndProject
Global
	GlobalSection(SolutionConfigurationPlatforms) = preSolution
		Debug|Any CPU = Debug|Any CPU
		Release|Any CPU = Release|Any CPU
	EndGlobalSection
	GlobalSection(ProjectConfigurationPlatforms) = postSolution
		{4EC1F399-7B17-4F12-BE4E-1477C9BE176C}.Debug|Any CPU.ActiveCfg = Debug|Any CPU
		{4EC1F399-7B17-4F12-BE4E-1477C9BE176C}.Debug|Any CPU.Build.0 = Debug|Any CPU
		{4EC1F399-7B17-4F12-BE4E-1477C9BE176C}.Release|Any CPU.ActiveCfg = Release|Any CPU
		{4EC1F399-7B17-4F12-BE4E-1477C9BE176C}.Release|Any CPU.Build.0 = Release|Any CPU
	EndGlobalSection
	GlobalSection(SolutionProperties) = preSolution
		HideSolutionNode = FALSE
	EndGlobalSection
	GlobalSection(ExtensibilityGlobals) = postSolution
		SolutionGuid = {0B0F4B77-74C5-48A7-A38E-D98EC96691BD}
	EndGlobalSection
EndGlobal
