
Microsoft Visual Studio Solution File, Format Version 12.00
# Visual Studio Version 17
VisualStudioVersion = 17.10.35027.167
MinimumVisualStudioVersion = 10.0.40219.1
Project("{FAE04EC0-301F-11D3-BF4B-00C04F79EFBC}") = "VehicleSystem", "VehicleSystem.csproj", "{D7E169FA-6CD3-4AAF-9426-F7271468C34F}"
EndProject
Global
	GlobalSection(SolutionConfigurationPlatforms) = preSolution
		Debug|Any CPU = Debug|Any CPU
		Release|Any CPU = Release|Any CPU
	EndGlobalSection
	GlobalSection(ProjectConfigurationPlatforms) = postSolution
		{D7E169FA-6CD3-4AAF-9426-F7271468C34F}.Debug|Any CPU.ActiveCfg = Debug|Any CPU
		{D7E169FA-6CD3-4AAF-9426-F7271468C34F}.Debug|Any CPU.Build.0 = Debug|Any CPU
		{D7E169FA-6CD3-4AAF-9426-F7271468C34F}.Release|Any CPU.ActiveCfg = Release|Any CPU
		{D7E169FA-6CD3-4AAF-9426-F7271468C34F}.Release|Any CPU.Build.0 = Release|Any CPU
	EndGlobalSection
	GlobalSection(SolutionProperties) = preSolution
		HideSolutionNode = FALSE
	EndGlobalSection
	GlobalSection(ExtensibilityGlobals) = postSolution
		SolutionGuid = {7DBABC64-98EB-44AD-AD61-47E57AD81979}
	EndGlobalSection
EndGlobal
